Microsoft Visual Studio Solution File, Format Version 8.00
Project("{8BC9CEB8-8B4A-11D0-8D11-00A0C91BC942}") = "SeparateChaining", "SeparateChaining.vcproj", "{6A0674C8-B541-4013-8396-37B4927BF158}"
	ProjectSection(ProjectDependencies) = postProject
	EndProjectSection
EndProject
Global
	GlobalSection(SolutionConfiguration) = preSolution
		Debug = Debug
		Release = Release
	EndGlobalSection
	GlobalSection(ProjectConfiguration) = postSolution
		{6A0674C8-B541-4013-8396-37B4927BF158}.Debug.ActiveCfg = Debug|Win32
		{6A0674C8-B541-4013-8396-37B4927BF158}.Debug.Build.0 = Debug|Win32
		{6A0674C8-B541-4013-8396-37B4927BF158}.Release.ActiveCfg = Release|Win32
		{6A0674C8-B541-4013-8396-37B4927BF158}.Release.Build.0 = Release|Win32
	EndGlobalSection
	GlobalSection(ExtensibilityGlobals) = postSolution
	EndGlobalSection
	GlobalSection(ExtensibilityAddIns) = postSolution
	EndGlobalSection
EndGlobal
