Microsoft Visual Studio Solution File, Format Version 8.00
Project("{8BC9CEB8-8B4A-11D0-8D11-00A0C91BC942}") = "HashMap", "HashMap.vcproj", "{06891549-B0F2-4459-BF89-837127169458}"
	ProjectSection(ProjectDependencies) = postProject
	EndProjectSection
EndProject
Global
	GlobalSection(SolutionConfiguration) = preSolution
		Debug = Debug
		Release = Release
	EndGlobalSection
	GlobalSection(ProjectConfiguration) = postSolution
		{06891549-B0F2-4459-BF89-837127169458}.Debug.ActiveCfg = Debug|Win32
		{06891549-B0F2-4459-BF89-837127169458}.Debug.Build.0 = Debug|Win32
		{06891549-B0F2-4459-BF89-837127169458}.Release.ActiveCfg = Release|Win32
		{06891549-B0F2-4459-BF89-837127169458}.Release.Build.0 = Release|Win32
	EndGlobalSection
	GlobalSection(ExtensibilityGlobals) = postSolution
	EndGlobalSection
	GlobalSection(ExtensibilityAddIns) = postSolution
	EndGlobalSection
EndGlobal
