Microsoft Visual Studio Solution File, Format Version 8.00
Project("{8BC9CEB8-8B4A-11D0-8D11-00A0C91BC942}") = "Partitioning", "Partitioning.vcproj", "{3BACC590-3402-49A9-9F90-67DB664968CE}"
	ProjectSection(ProjectDependencies) = postProject
	EndProjectSection
EndProject
Global
	GlobalSection(SolutionConfiguration) = preSolution
		Debug = Debug
		Release = Release
	EndGlobalSection
	GlobalSection(ProjectConfiguration) = postSolution
		{3BACC590-3402-49A9-9F90-67DB664968CE}.Debug.ActiveCfg = Debug|Win32
		{3BACC590-3402-49A9-9F90-67DB664968CE}.Debug.Build.0 = Debug|Win32
		{3BACC590-3402-49A9-9F90-67DB664968CE}.Release.ActiveCfg = Release|Win32
		{3BACC590-3402-49A9-9F90-67DB664968CE}.Release.Build.0 = Release|Win32
	EndGlobalSection
	GlobalSection(ExtensibilityGlobals) = postSolution
	EndGlobalSection
	GlobalSection(ExtensibilityAddIns) = postSolution
	EndGlobalSection
EndGlobal
