Microsoft Visual Studio Solution File, Format Version 8.00
Project("{8BC9CEB8-8B4A-11D0-8D11-00A0C91BC942}") = "SelectionSort", "SelectionSort.vcproj", "{F968FF6B-1092-4B63-BBCA-9EFAFEFB43FE}"
	ProjectSection(ProjectDependencies) = postProject
	EndProjectSection
EndProject
Global
	GlobalSection(SolutionConfiguration) = preSolution
		Debug = Debug
		Release = Release
	EndGlobalSection
	GlobalSection(ProjectConfiguration) = postSolution
		{F968FF6B-1092-4B63-BBCA-9EFAFEFB43FE}.Debug.ActiveCfg = Debug|Win32
		{F968FF6B-1092-4B63-BBCA-9EFAFEFB43FE}.Debug.Build.0 = Debug|Win32
		{F968FF6B-1092-4B63-BBCA-9EFAFEFB43FE}.Release.ActiveCfg = Release|Win32
		{F968FF6B-1092-4B63-BBCA-9EFAFEFB43FE}.Release.Build.0 = Release|Win32
	EndGlobalSection
	GlobalSection(ExtensibilityGlobals) = postSolution
	EndGlobalSection
	GlobalSection(ExtensibilityAddIns) = postSolution
	EndGlobalSection
EndGlobal
