Microsoft Visual Studio Solution File, Format Version 8.00
Project("{8BC9CEB8-8B4A-11D0-8D11-00A0C91BC942}") = "HashMultiMap", "HashMultiMap.vcproj", "{57755765-697F-4C3A-B42A-BCAC95F31CC2}"
	ProjectSection(ProjectDependencies) = postProject
	EndProjectSection
EndProject
Global
	GlobalSection(SolutionConfiguration) = preSolution
		Debug = Debug
		Release = Release
	EndGlobalSection
	GlobalSection(ProjectConfiguration) = postSolution
		{57755765-697F-4C3A-B42A-BCAC95F31CC2}.Debug.ActiveCfg = Debug|Win32
		{57755765-697F-4C3A-B42A-BCAC95F31CC2}.Debug.Build.0 = Debug|Win32
		{57755765-697F-4C3A-B42A-BCAC95F31CC2}.Release.ActiveCfg = Release|Win32
		{57755765-697F-4C3A-B42A-BCAC95F31CC2}.Release.Build.0 = Release|Win32
	EndGlobalSection
	GlobalSection(ExtensibilityGlobals) = postSolution
	EndGlobalSection
	GlobalSection(ExtensibilityAddIns) = postSolution
	EndGlobalSection
EndGlobal
