
Microsoft Visual Studio Solution File, Format Version 12.00
# Visual Studio 2010
Project("{8BC9CEB8-8B4A-11D0-8D11-00A0C91BC942}") = "Chapter1", "Chapter1\Chapter1.vcxproj", "{B5D553A4-903B-4C4A-9B8F-E9A725BEA6E8}"
EndProject
Project("{8BC9CEB8-8B4A-11D0-8D11-00A0C91BC942}") = "Chapter2", "Chapter2\Chapter2.vcxproj", "{6E67FDB2-60F7-4126-8495-E29F40913162}"
EndProject
Project("{8BC9CEB8-8B4A-11D0-8D11-00A0C91BC942}") = "Chapter3", "Chapter3\Chapter3.vcxproj", "{CCF3F056-1985-4BC4-8477-5D6820E690FE}"
EndProject
Project("{8BC9CEB8-8B4A-11D0-8D11-00A0C91BC942}") = "Chapter4", "Chapter4\Chapter4.vcxproj", "{F1D4412F-2302-43EB-833C-594F3EC9B7E3}"
EndProject
Project("{8BC9CEB8-8B4A-11D0-8D11-00A0C91BC942}") = "Chapter5", "Chapter5\Chapter5.vcxproj", "{4654C22A-1350-4021-841D-3038D81009B2}"
EndProject
Project("{8BC9CEB8-8B4A-11D0-8D11-00A0C91BC942}") = "Chapter6", "Chapter6\Chapter6.vcxproj", "{F563CA44-302D-4343-A73C-00F190F392CF}"
EndProject
Project("{8BC9CEB8-8B4A-11D0-8D11-00A0C91BC942}") = "Chapter7", "Chapter7\Chapter7.vcxproj", "{70CF2893-3441-458E-9CDD-1D749711674C}"
EndProject
Project("{8BC9CEB8-8B4A-11D0-8D11-00A0C91BC942}") = "Chapter8", "Chapter8\Chapter8.vcxproj", "{A6B32F91-6B0D-41B6-991C-261E92D1E1D8}"
EndProject
Project("{8BC9CEB8-8B4A-11D0-8D11-00A0C91BC942}") = "Chapter9", "Chapter9\Chapter9.vcxproj", "{A3AF7802-676C-42DB-8369-6015B37A8381}"
EndProject
Project("{8BC9CEB8-8B4A-11D0-8D11-00A0C91BC942}") = "Chapter10", "Chapter10\Chapter10.vcxproj", "{39E3548A-B893-4DFE-A164-91116D8A1C14}"
EndProject
Project("{8BC9CEB8-8B4A-11D0-8D11-00A0C91BC942}") = "Chapter11", "Chapter11\Chapter11.vcxproj", "{92399ABD-D349-4615-9FF0-E0FF4F00AC74}"
EndProject
Project("{8BC9CEB8-8B4A-11D0-8D11-00A0C91BC942}") = "Chapter12", "Chapter12\Chapter12.vcxproj", "{041B4627-014D-4C06-90CB-BEBC07778F7B}"
EndProject
Project("{8BC9CEB8-8B4A-11D0-8D11-00A0C91BC942}") = "Chapter13", "Chapter13\Chapter13.vcxproj", "{6AAC2E60-45CD-4586-A1EB-46BBA55A9711}"
EndProject
Project("{8BC9CEB8-8B4A-11D0-8D11-00A0C91BC942}") = "Chapter14", "Chapter14\Chapter14.vcxproj", "{8AA53DF8-E6B4-4D52-874C-4874A77B7885}"
EndProject
Global
	GlobalSection(SolutionConfigurationPlatforms) = preSolution
		Debug|Win32 = Debug|Win32
		Release|Win32 = Release|Win32
	EndGlobalSection
	GlobalSection(ProjectConfigurationPlatforms) = postSolution
		{B5D553A4-903B-4C4A-9B8F-E9A725BEA6E8}.Debug|Win32.ActiveCfg = Debug|Win32
		{B5D553A4-903B-4C4A-9B8F-E9A725BEA6E8}.Debug|Win32.Build.0 = Debug|Win32
		{B5D553A4-903B-4C4A-9B8F-E9A725BEA6E8}.Release|Win32.ActiveCfg = Release|Win32
		{B5D553A4-903B-4C4A-9B8F-E9A725BEA6E8}.Release|Win32.Build.0 = Release|Win32
		{6E67FDB2-60F7-4126-8495-E29F40913162}.Debug|Win32.ActiveCfg = Debug|Win32
		{6E67FDB2-60F7-4126-8495-E29F40913162}.Debug|Win32.Build.0 = Debug|Win32
		{6E67FDB2-60F7-4126-8495-E29F40913162}.Release|Win32.ActiveCfg = Release|Win32
		{6E67FDB2-60F7-4126-8495-E29F40913162}.Release|Win32.Build.0 = Release|Win32
		{CCF3F056-1985-4BC4-8477-5D6820E690FE}.Debug|Win32.ActiveCfg = Debug|Win32
		{CCF3F056-1985-4BC4-8477-5D6820E690FE}.Debug|Win32.Build.0 = Debug|Win32
		{CCF3F056-1985-4BC4-8477-5D6820E690FE}.Release|Win32.ActiveCfg = Release|Win32
		{CCF3F056-1985-4BC4-8477-5D6820E690FE}.Release|Win32.Build.0 = Release|Win32
		{F1D4412F-2302-43EB-833C-594F3EC9B7E3}.Debug|Win32.ActiveCfg = Debug|Win32
		{F1D4412F-2302-43EB-833C-594F3EC9B7E3}.Debug|Win32.Build.0 = Debug|Win32
		{F1D4412F-2302-43EB-833C-594F3EC9B7E3}.Release|Win32.ActiveCfg = Release|Win32
		{F1D4412F-2302-43EB-833C-594F3EC9B7E3}.Release|Win32.Build.0 = Release|Win32
		{4654C22A-1350-4021-841D-3038D81009B2}.Debug|Win32.ActiveCfg = Debug|Win32
		{4654C22A-1350-4021-841D-3038D81009B2}.Debug|Win32.Build.0 = Debug|Win32
		{4654C22A-1350-4021-841D-3038D81009B2}.Release|Win32.ActiveCfg = Release|Win32
		{4654C22A-1350-4021-841D-3038D81009B2}.Release|Win32.Build.0 = Release|Win32
		{F563CA44-302D-4343-A73C-00F190F392CF}.Debug|Win32.ActiveCfg = Debug|Win32
		{F563CA44-302D-4343-A73C-00F190F392CF}.Debug|Win32.Build.0 = Debug|Win32
		{F563CA44-302D-4343-A73C-00F190F392CF}.Release|Win32.ActiveCfg = Release|Win32
		{F563CA44-302D-4343-A73C-00F190F392CF}.Release|Win32.Build.0 = Release|Win32
		{70CF2893-3441-458E-9CDD-1D749711674C}.Debug|Win32.ActiveCfg = Debug|Win32
		{70CF2893-3441-458E-9CDD-1D749711674C}.Debug|Win32.Build.0 = Debug|Win32
		{70CF2893-3441-458E-9CDD-1D749711674C}.Release|Win32.ActiveCfg = Release|Win32
		{70CF2893-3441-458E-9CDD-1D749711674C}.Release|Win32.Build.0 = Release|Win32
		{A6B32F91-6B0D-41B6-991C-261E92D1E1D8}.Debug|Win32.ActiveCfg = Debug|Win32
		{A6B32F91-6B0D-41B6-991C-261E92D1E1D8}.Debug|Win32.Build.0 = Debug|Win32
		{A6B32F91-6B0D-41B6-991C-261E92D1E1D8}.Release|Win32.ActiveCfg = Release|Win32
		{A6B32F91-6B0D-41B6-991C-261E92D1E1D8}.Release|Win32.Build.0 = Release|Win32
		{A3AF7802-676C-42DB-8369-6015B37A8381}.Debug|Win32.ActiveCfg = Debug|Win32
		{A3AF7802-676C-42DB-8369-6015B37A8381}.Debug|Win32.Build.0 = Debug|Win32
		{A3AF7802-676C-42DB-8369-6015B37A8381}.Release|Win32.ActiveCfg = Release|Win32
		{A3AF7802-676C-42DB-8369-6015B37A8381}.Release|Win32.Build.0 = Release|Win32
		{39E3548A-B893-4DFE-A164-91116D8A1C14}.Debug|Win32.ActiveCfg = Debug|Win32
		{39E3548A-B893-4DFE-A164-91116D8A1C14}.Debug|Win32.Build.0 = Debug|Win32
		{39E3548A-B893-4DFE-A164-91116D8A1C14}.Release|Win32.ActiveCfg = Release|Win32
		{39E3548A-B893-4DFE-A164-91116D8A1C14}.Release|Win32.Build.0 = Release|Win32
		{92399ABD-D349-4615-9FF0-E0FF4F00AC74}.Debug|Win32.ActiveCfg = Debug|Win32
		{92399ABD-D349-4615-9FF0-E0FF4F00AC74}.Debug|Win32.Build.0 = Debug|Win32
		{92399ABD-D349-4615-9FF0-E0FF4F00AC74}.Release|Win32.ActiveCfg = Release|Win32
		{92399ABD-D349-4615-9FF0-E0FF4F00AC74}.Release|Win32.Build.0 = Release|Win32
		{041B4627-014D-4C06-90CB-BEBC07778F7B}.Debug|Win32.ActiveCfg = Debug|Win32
		{041B4627-014D-4C06-90CB-BEBC07778F7B}.Debug|Win32.Build.0 = Debug|Win32
		{041B4627-014D-4C06-90CB-BEBC07778F7B}.Release|Win32.ActiveCfg = Release|Win32
		{041B4627-014D-4C06-90CB-BEBC07778F7B}.Release|Win32.Build.0 = Release|Win32
		{6AAC2E60-45CD-4586-A1EB-46BBA55A9711}.Debug|Win32.ActiveCfg = Debug|Win32
		{6AAC2E60-45CD-4586-A1EB-46BBA55A9711}.Debug|Win32.Build.0 = Debug|Win32
		{6AAC2E60-45CD-4586-A1EB-46BBA55A9711}.Release|Win32.ActiveCfg = Release|Win32
		{6AAC2E60-45CD-4586-A1EB-46BBA55A9711}.Release|Win32.Build.0 = Release|Win32
		{8AA53DF8-E6B4-4D52-874C-4874A77B7885}.Debug|Win32.ActiveCfg = Debug|Win32
		{8AA53DF8-E6B4-4D52-874C-4874A77B7885}.Debug|Win32.Build.0 = Debug|Win32
		{8AA53DF8-E6B4-4D52-874C-4874A77B7885}.Release|Win32.ActiveCfg = Release|Win32
		{8AA53DF8-E6B4-4D52-874C-4874A77B7885}.Release|Win32.Build.0 = Release|Win32
	EndGlobalSection
	GlobalSection(SolutionProperties) = preSolution
		HideSolutionNode = FALSE
	EndGlobalSection
EndGlobal
